
Microsoft Visual Studio Solution File, Format Version 12.00
# Visual Studio Version 17
VisualStudioVersion = 17.14.36511.14
MinimumVisualStudioVersion = 10.0.40219.1
Project("{FAE04EC0-301F-11D3-BF4B-00C04F79EFBC}") = "Domain", "Domain\Domain.csproj", "{42677BC7-918D-4D96-A7D3-73F727379D2C}"
EndProject
Project("{FAE04EC0-301F-11D3-BF4B-00C04F79EFBC}") = "Application", "Application\Application.csproj", "{FCADB444-E621-49E7-960B-7E90CFBAD0F2}"
EndProject
Project("{FAE04EC0-301F-11D3-BF4B-00C04F79EFBC}") = "Infrastructure", "Infrastructure\Infrastructure.csproj", "{1FD0AF75-3B4B-4751-8D16-EAA62BB11756}"
EndProject
Project("{FAE04EC0-301F-11D3-BF4B-00C04F79EFBC}") = "Presentation", "Api\Presentation.csproj", "{4C591E47-20EC-4FF8-A320-FDDA13B3C1FC}"
EndProject
Project("{FAE04EC0-301F-11D3-BF4B-00C04F79EFBC}") = "Contract", "Contract\Contract.csproj", "{A3FF62E9-0626-4678-81D4-73A8A9D85233}"
EndProject
Global
	GlobalSection(SolutionConfigurationPlatforms) = preSolution
		Debug|Any CPU = Debug|Any CPU
		Release|Any CPU = Release|Any CPU
	EndGlobalSection
	GlobalSection(ProjectConfigurationPlatforms) = postSolution
		{42677BC7-918D-4D96-A7D3-73F727379D2C}.Debug|Any CPU.ActiveCfg = Debug|Any CPU
		{42677BC7-918D-4D96-A7D3-73F727379D2C}.Debug|Any CPU.Build.0 = Debug|Any CPU
		{42677BC7-918D-4D96-A7D3-73F727379D2C}.Release|Any CPU.ActiveCfg = Release|Any CPU
		{42677BC7-918D-4D96-A7D3-73F727379D2C}.Release|Any CPU.Build.0 = Release|Any CPU
		{FCADB444-E621-49E7-960B-7E90CFBAD0F2}.Debug|Any CPU.ActiveCfg = Debug|Any CPU
		{FCADB444-E621-49E7-960B-7E90CFBAD0F2}.Debug|Any CPU.Build.0 = Debug|Any CPU
		{FCADB444-E621-49E7-960B-7E90CFBAD0F2}.Release|Any CPU.ActiveCfg = Release|Any CPU
		{FCADB444-E621-49E7-960B-7E90CFBAD0F2}.Release|Any CPU.Build.0 = Release|Any CPU
		{1FD0AF75-3B4B-4751-8D16-EAA62BB11756}.Debug|Any CPU.ActiveCfg = Debug|Any CPU
		{1FD0AF75-3B4B-4751-8D16-EAA62BB11756}.Debug|Any CPU.Build.0 = Debug|Any CPU
		{1FD0AF75-3B4B-4751-8D16-EAA62BB11756}.Release|Any CPU.ActiveCfg = Release|Any CPU
		{1FD0AF75-3B4B-4751-8D16-EAA62BB11756}.Release|Any CPU.Build.0 = Release|Any CPU
		{4C591E47-20EC-4FF8-A320-FDDA13B3C1FC}.Debug|Any CPU.ActiveCfg = Debug|Any CPU
		{4C591E47-20EC-4FF8-A320-FDDA13B3C1FC}.Debug|Any CPU.Build.0 = Debug|Any CPU
		{4C591E47-20EC-4FF8-A320-FDDA13B3C1FC}.Release|Any CPU.ActiveCfg = Release|Any CPU
		{4C591E47-20EC-4FF8-A320-FDDA13B3C1FC}.Release|Any CPU.Build.0 = Release|Any CPU
		{A3FF62E9-0626-4678-81D4-73A8A9D85233}.Debug|Any CPU.ActiveCfg = Debug|Any CPU
		{A3FF62E9-0626-4678-81D4-73A8A9D85233}.Debug|Any CPU.Build.0 = Debug|Any CPU
		{A3FF62E9-0626-4678-81D4-73A8A9D85233}.Release|Any CPU.ActiveCfg = Release|Any CPU
		{A3FF62E9-0626-4678-81D4-73A8A9D85233}.Release|Any CPU.Build.0 = Release|Any CPU
	EndGlobalSection
	GlobalSection(SolutionProperties) = preSolution
		HideSolutionNode = FALSE
	EndGlobalSection
	GlobalSection(ExtensibilityGlobals) = postSolution
		SolutionGuid = {A5ABDFD9-FBDA-412D-9738-07427DB4EDD8}
	EndGlobalSection
EndGlobal
